// !$*UTF8*$!
{
	archiveVersion = 1;
	classes = {
	};
	objectVersion = 46;
	objects = {

/* Begin PBXBuildFile section */
		E5AF5BBA1F321E6E000F8B25 /* AppDelegate.swift in Sources */ = {isa = PBXBuildFile; fileRef = E5AF5BB91F321E6E000F8B25 /* AppDelegate.swift */; };
		E5AF5BBC1F321E6E000F8B25 /* ViewController.swift in Sources */ = {isa = PBXBuildFile; fileRef = E5AF5BBB1F321E6E000F8B25 /* ViewController.swift */; };
		E5AF5BBF1F321E6E000F8B25 /* Main.storyboard in Resources */ = {isa = PBXBuildFile; fileRef = E5AF5BBD1F321E6E000F8B25 /* Main.storyboard */; };
		E5AF5BC11F321E6E000F8B25 /* Assets.xcassets in Resources */ = {isa = PBXBuildFile; fileRef = E5AF5BC01F321E6E000F8B25 /* Assets.xcassets */; };
		E5AF5BC41F321E6E000F8B25 /* LaunchScreen.storyboard in Resources */ = {isa = PBXBuildFile; fileRef = E5AF5BC21F321E6E000F8B25 /* LaunchScreen.storyboard */; };
		E5AF5BCC1F321F17000F8B25 /* SwiftyJSON.swift in Sources */ = {isa = PBXBuildFile; fileRef = E5AF5BCB1F321F17000F8B25 /* SwiftyJSON.swift */; };
		E5AF5BCE1F3224D3000F8B25 /* ArticleCell.swift in Sources */ = {isa = PBXBuildFile; fileRef = E5AF5BCD1F3224D3000F8B25 /* ArticleCell.swift */; };
/* End PBXBuildFile section */

/* Begin PBXFileReference section */
		E5AF5BB61F321E6E000F8B25 /* reddit.app */ = {isa = PBXFileReference; explicitFileType = wrapper.application; includeInIndex = 0; path = reddit.app; sourceTree = BUILT_PRODUCTS_DIR; };
		E5AF5BB91F321E6E000F8B25 /* AppDelegate.swift */ = {isa = PBXFileReference; lastKnownFileType = sourcecode.swift; path = AppDelegate.swift; sourceTree = "<group>"; };
		E5AF5BBB1F321E6E000F8B25 /* ViewController.swift */ = {isa = PBXFileReference; lastKnownFileType = sourcecode.swift; path = ViewController.swift; sourceTree = "<group>"; };
		E5AF5BBE1F321E6E000F8B25 /* Base */ = {isa = PBXFileReference; lastKnownFileType = file.storyboard; name = Base; path = Base.lproj/Main.storyboard; sourceTree = "<group>"; };
		E5AF5BC01F321E6E000F8B25 /* Assets.xcassets */ = {isa = PBXFileReference; lastKnownFileType = folder.assetcatalog; path = Assets.xcassets; sourceTree = "<group>"; };
		E5AF5BC31F321E6E000F8B25 /* Base */ = {isa = PBXFileReference; lastKnownFileType = file.storyboard; name = Base; path = Base.lproj/LaunchScreen.storyboard; sourceTree = "<group>"; };
		E5AF5BC51F321E6E000F8B25 /* Info.plist */ = {isa = PBXFileReference; lastKnownFileType = text.plist.xml; path = Info.plist; sourceTree = "<group>"; };
		E5AF5BCB1F321F17000F8B25 /* SwiftyJSON.swift */ = {isa = PBXFileReference; fileEncoding = 4; lastKnownFileType = sourcecode.swift; path = SwiftyJSON.swift; sourceTree = "<group>"; };
		E5AF5BCD1F3224D3000F8B25 /* ArticleCell.swift */ = {isa = PBXFileReference; fileEncoding = 4; lastKnownFileType = sourcecode.swift; path = ArticleCell.swift; sourceTree = "<group>"; };
/* End PBXFileReference section */

/* Begin PBXFrameworksBuildPhase section */
		E5AF5BB31F321E6E000F8B25 /* Frameworks */ = {
			isa = PBXFrameworksBuildPhase;
			buildActionMask = 2147483647;
			files = (
			);
			runOnlyForDeploymentPostprocessing = 0;
		};
/* End PBXFrameworksBuildPhase section */

/* Begin PBXGroup section */
		E5AF5BAD1F321E6E000F8B25 = {
			isa = PBXGroup;
			children = (
				E5AF5BB81F321E6E000F8B25 /* reddit */,
				E5AF5BB71F321E6E000F8B25 /* Products */,
			);
			sourceTree = "<group>";
		};
		E5AF5BB71F321E6E000F8B25 /* Products */ = {
			isa = PBXGroup;
			children = (
				E5AF5BB61F321E6E000F8B25 /* reddit.app */,
			);
			name = Products;
			sourceTree = "<group>";
		};
		E5AF5BB81F321E6E000F8B25 /* reddit */ = {
			isa = PBXGroup;
			children = (
				E5AF5BB91F321E6E000F8B25 /* AppDelegate.swift */,
				E5AF5BBB1F321E6E000F8B25 /* ViewController.swift */,
				E5AF5BCB1F321F17000F8B25 /* SwiftyJSON.swift */,
				E5AF5BCD1F3224D3000F8B25 /* ArticleCell.swift */,
				E5AF5BBD1F321E6E000F8B25 /* Main.storyboard */,
				E5AF5BC01F321E6E000F8B25 /* Assets.xcassets */,
				E5AF5BC21F321E6E000F8B25 /* LaunchScreen.storyboard */,
				E5AF5BC51F321E6E000F8B25 /* Info.plist */,
			);
			path = reddit;
			sourceTree = "<group>";
		};
/* End PBXGroup section */

/* Begin PBXNativeTarget section */
		E5AF5BB51F321E6E000F8B25 /* reddit */ = {
			isa = PBXNativeTarget;
			buildConfigurationList = E5AF5BC81F321E6E000F8B25 /* Build configuration list for PBXNativeTarget "reddit" */;
			buildPhases = (
				E5AF5BB21F321E6E000F8B25 /* Sources */,
				E5AF5BB31F321E6E000F8B25 /* Frameworks */,
				E5AF5BB41F321E6E000F8B25 /* Resources */,
			);
			buildRules = (
			);
			dependencies = (
			);
			name = reddit;
			productName = reddit;
			productReference = E5AF5BB61F321E6E000F8B25 /* reddit.app */;
			productType = "com.apple.product-type.application";
		};
/* End PBXNativeTarget section */

/* Begin PBXProject section */
		E5AF5BAE1F321E6E000F8B25 /* Project object */ = {
			isa = PBXProject;
			attributes = {
				LastSwiftUpdateCheck = 0820;
				LastUpgradeCheck = 0820;
				ORGANIZATIONNAME = "Kyle Johnson";
				TargetAttributes = {
					E5AF5BB51F321E6E000F8B25 = {
						CreatedOnToolsVersion = 8.2;
						DevelopmentTeam = GP799FVH94;
						ProvisioningStyle = Automatic;
					};
				};
			};
			buildConfigurationList = E5AF5BB11F321E6E000F8B25 /* Build configuration list for PBXProject "reddit" */;
			compatibilityVersion = "Xcode 3.2";
			developmentRegion = English;
			hasScannedForEncodings = 0;
			knownRegions = (
				en,
				Base,
			);
			mainGroup = E5AF5BAD1F321E6E000F8B25;
			productRefGroup = E5AF5BB71F321E6E000F8B25 /* Products */;
			projectDirPath = "";
			projectRoot = "";
			targets = (
				E5AF5BB51F321E6E000F8B25 /* reddit */,
			);
		};
/* End PBXProject section */

/* Begin PBXResourcesBuildPhase section */
		E5AF5BB41F321E6E000F8B25 /* Resources */ = {
			isa = PBXResourcesBuildPhase;
			buildActionMask = 2147483647;
			files = (
				E5AF5BC41F321E6E000F8B25 /* LaunchScreen.storyboard in Resources */,
				E5AF5BC11F321E6E000F8B25 /* Assets.xcassets in Resources */,
				E5AF5BBF1F321E6E000F8B25 /* Main.storyboard in Resources */,
			);
			runOnlyForDeploymentPostprocessing = 0;
		};
/* End PBXResourcesBuildPhase section */

/* Begin PBXSourcesBuildPhase section */
		E5AF5BB21F321E6E000F8B25 /* Sources */ = {
			isa = PBXSourcesBuildPhase;
			buildActionMask = 2147483647;
			files = (
				E5AF5BCE1F3224D3000F8B25 /* ArticleCell.swift in Sources */,
				E5AF5BCC1F321F17000F8B25 /* SwiftyJSON.swift in Sources */,
				E5AF5BBC1F321E6E000F8B25 /* ViewController.swift in Sources */,
				E5AF5BBA1F321E6E000F8B25 /* AppDelegate.swift in Sources */,
			);
			runOnlyForDeploymentPostprocessing = 0;
		};
/* End PBXSourcesBuildPhase section */

/* Begin PBXVariantGroup section */
		E5AF5BBD1F321E6E000F8B25 /* Main.storyboard */ = {
			isa = PBXVariantGroup;
			children = (
				E5AF5BBE1F321E6E000F8B25 /* Base */,
			);
			name = Main.storyboard;
			sourceTree = "<group>";
		};
		E5AF5BC21F321E6E000F8B25 /* LaunchScreen.storyboard */ = {
			isa = PBXVariantGroup;
			children = (
				E5AF5BC31F321E6E000F8B25 /* Base */,
			);
			name = LaunchScreen.storyboard;
			sourceTree = "<group>";
		};
/* End PBXVariantGroup section */

/* Begin XCBuildConfiguration section */
		E5AF5BC61F321E6E000F8B25 /* Debug */ = {
			isa = XCBuildConfiguration;
			buildSettings = {
				ALWAYS_SEARCH_USER_PATHS = NO;
				CLANG_ANALYZER_NONNULL = YES;
				CLANG_CXX_LANGUAGE_STANDARD = "gnu++0x";
				CLANG_CXX_LIBRARY = "libc++";
				CLANG_ENABLE_MODULES = YES;
				CLANG_ENABLE_OBJC_ARC = YES;
				CLANG_WARN_BOOL_CONVERSION = YES;
				CLANG_WARN_CONSTANT_CONVERSION = YES;
				CLANG_WARN_DIRECT_OBJC_ISA_USAGE = YES_ERROR;
				CLANG_WARN_DOCUMENTATION_COMMENTS = YES;
				CLANG_WARN_EMPTY_BODY = YES;
				CLANG_WARN_ENUM_CONVERSION = YES;
				CLANG_WARN_INFINITE_RECURSION = YES;
				CLANG_WARN_INT_CONVERSION = YES;
				CLANG_WARN_OBJC_ROOT_CLASS = YES_ERROR;
				CLANG_WARN_SUSPICIOUS_MOVE = YES;
				CLANG_WARN_UNREACHABLE_CODE = YES;
				CLANG_WARN__DUPLICATE_METHOD_MATCH = YES;
				"CODE_SIGN_IDENTITY[sdk=iphoneos*]" = "iPhone Developer";
				COPY_PHASE_STRIP = NO;
				DEBUG_INFORMATION_FORMAT = dwarf;
				ENABLE_STRICT_OBJC_MSGSEND = YES;
				ENABLE_TESTABILITY = YES;
				GCC_C_LANGUAGE_STANDARD = gnu99;
				GCC_DYNAMIC_NO_PIC = NO;
				GCC_NO_COMMON_BLOCKS = YES;
				GCC_OPTIMIZATION_LEVEL = 0;
				GCC_PREPROCESSOR_DEFINITIONS = (
					"DEBUG=1",
					"$(inherited)",
				);
				GCC_WARN_64_TO_32_BIT_CONVERSION = YES;
				GCC_WARN_ABOUT_RETURN_TYPE = YES_ERROR;
				GCC_WARN_UNDECLARED_SELECTOR = YES;
				GCC_WARN_UNINITIALIZED_AUTOS = YES_AGGRESSIVE;
				GCC_WARN_UNUSED_FUNCTION = YES;
				GCC_WARN_UNUSED_VARIABLE = YES;
				IPHONEOS_DEPLOYMENT_TARGET = 10.2;
				MTL_ENABLE_DEBUG_INFO = YES;
				ONLY_ACTIVE_ARCH = YES;
				SDKROOT = iphoneos;
				SWIFT_ACTIVE_COMPILATION_CONDITIONS = DEBUG;
				SWIFT_OPTIMIZATION_LEVEL = "-Onone";
				TARGETED_DEVICE_FAMILY = "1,2";
			};
			name = Debug;
		};
		E5AF5BC71F321E6E000F8B25 /* Release */ = {
			isa = XCBuildConfiguration;
			buildSettings = {
				ALWAYS_SEARCH_USER_PATHS = NO;
				CLANG_ANALYZER_NONNULL = YES;
				CLANG_CXX_LANGUAGE_STANDARD = "gnu++0x";
				CLANG_CXX_LIBRARY = "libc++";
				CLANG_ENABLE_MODULES = YES;
				CLANG_ENABLE_OBJC_ARC = YES;
				CLANG_WARN_BOOL_CONVERSION = YES;
				CLANG_WARN_CONSTANT_CONVERSION = YES;
				CLANG_WARN_DIRECT_OBJC_ISA_USAGE = YES_ERROR;
				CLANG_WARN_DOCUMENTATION_COMMENTS = YES;
				CLANG_WARN_EMPTY_BODY = YES;
				CLANG_WARN_ENUM_CONVERSION = YES;
				CLANG_WARN_INFINITE_RECURSION = YES;
				CLANG_WARN_INT_CONVERSION = YES;
				CLANG_WARN_OBJC_ROOT_CLASS = YES_ERROR;
				CLANG_WARN_SUSPICIOUS_MOVE = YES;
				CLANG_WARN_UNREACHABLE_CODE = YES;
				CLANG_WARN__DUPLICATE_METHOD_MATCH = YES;
				"CODE_SIGN_IDENTITY[sdk=iphoneos*]" = "iPhone Developer";
				COPY_PHASE_STRIP = NO;
				DEBUG_INFORMATION_FORMAT = "dwarf-with-dsym";
				ENABLE_NS_ASSERTIONS = NO;
				ENABLE_STRICT_OBJC_MSGSEND = YES;
				GCC_C_LANGUAGE_STANDARD = gnu99;
				GCC_NO_COMMON_BLOCKS = YES;
				GCC_WARN_64_TO_32_BIT_CONVERSION = YES;
				GCC_WARN_ABOUT_RETURN_TYPE = YES_ERROR;
				GCC_WARN_UNDECLARED_SELECTOR = YES;
				GCC_WARN_UNINITIALIZED_AUTOS = YES_AGGRESSIVE;
				GCC_WARN_UNUSED_FUNCTION = YES;
				GCC_WARN_UNUSED_VARIABLE = YES;
				IPHONEOS_DEPLOYMENT_TARGET = 10.2;
				MTL_ENABLE_DEBUG_INFO = NO;
				SDKROOT = iphoneos;
				SWIFT_OPTIMIZATION_LEVEL = "-Owholemodule";
				TARGETED_DEVICE_FAMILY = "1,2";
				VALIDATE_PRODUCT = YES;
			};
			name = Release;
		};
		E5AF5BC91F321E6E000F8B25 /* Debug */ = {
			isa = XCBuildConfiguration;
			buildSettings = {
				ASSETCATALOG_COMPILER_APPICON_NAME = AppIcon;
				DEVELOPMENT_TEAM = GP799FVH94;
				INFOPLIST_FILE = reddit/Info.plist;
				LD_RUNPATH_SEARCH_PATHS = "$(inherited) @executable_path/Frameworks";
				PRODUCT_BUNDLE_IDENTIFIER = com.kjapps.reddit;
				PRODUCT_NAME = "$(TARGET_NAME)";
				SWIFT_VERSION = 3.0;
			};
			name = Debug;
		};
		E5AF5BCA1F321E6E000F8B25 /* Release */ = {
			isa = XCBuildConfiguration;
			buildSettings = {
				ASSETCATALOG_COMPILER_APPICON_NAME = AppIcon;
				DEVELOPMENT_TEAM = GP799FVH94;
				INFOPLIST_FILE = reddit/Info.plist;
				LD_RUNPATH_SEARCH_PATHS = "$(inherited) @executable_path/Frameworks";
				PRODUCT_BUNDLE_IDENTIFIER = com.kjapps.reddit;
				PRODUCT_NAME = "$(TARGET_NAME)";
				SWIFT_VERSION = 3.0;
			};
			name = Release;
		};
/* End XCBuildConfiguration section */

/* Begin XCConfigurationList section */
		E5AF5BB11F321E6E000F8B25 /* Build configuration list for PBXProject "reddit" */ = {
			isa = XCConfigurationList;
			buildConfigurations = (
				E5AF5BC61F321E6E000F8B25 /* Debug */,
				E5AF5BC71F321E6E000F8B25 /* Release */,
			);
			defaultConfigurationIsVisible = 0;
			defaultConfigurationName = Release;
		};
		E5AF5BC81F321E6E000F8B25 /* Build configuration list for PBXNativeTarget "reddit" */ = {
			isa = XCConfigurationList;
			buildConfigurations = (
				E5AF5BC91F321E6E000F8B25 /* Debug */,
				E5AF5BCA1F321E6E000F8B25 /* Release */,
			);
			defaultConfigurationIsVisible = 0;
		};
/* End XCConfigurationList section */
	};
	rootObject = E5AF5BAE1F321E6E000F8B25 /* Project object */;
}
